
Microsoft Visual Studio Solution File, Format Version 12.00
# Visual Studio Version 16
VisualStudioVersion = 16.0.30523.141
MinimumVisualStudioVersion = 10.0.40219.1
Project("{888888A0-9F3D-457C-B088-3A5042F75D52}") = "CopyMachine", "CopyMachine.pyproj", "{1C3F5F51-F96C-4DA1-A499-E4D31EC12CE2}"
EndProject
Global
	GlobalSection(SolutionConfigurationPlatforms) = preSolution
		Debug|Any CPU = Debug|Any CPU
		Release|Any CPU = Release|Any CPU
	EndGlobalSection
	GlobalSection(ProjectConfigurationPlatforms) = postSolution
		{1C3F5F51-F96C-4DA1-A499-E4D31EC12CE2}.Debug|Any CPU.ActiveCfg = Debug|Any CPU
		{1C3F5F51-F96C-4DA1-A499-E4D31EC12CE2}.Release|Any CPU.ActiveCfg = Release|Any CPU
	EndGlobalSection
	GlobalSection(SolutionProperties) = preSolution
		HideSolutionNode = FALSE
	EndGlobalSection
	GlobalSection(ExtensibilityGlobals) = postSolution
		SolutionGuid = {CDA23D38-E7C9-4959-B183-CE5AA5E2F54E}
	EndGlobalSection
EndGlobal
