
Microsoft Visual Studio Solution File, Format Version 12.00
# Visual Studio Version 16
VisualStudioVersion = 16.0.30523.141
MinimumVisualStudioVersion = 10.0.40219.1
Project("{888888A0-9F3D-457C-B088-3A5042F75D52}") = "Domino", "Domino.pyproj", "{C23CBA8D-585B-4C94-A5DE-08CAFB40FAA0}"
EndProject
Global
	GlobalSection(SolutionConfigurationPlatforms) = preSolution
		Debug|Any CPU = Debug|Any CPU
		Release|Any CPU = Release|Any CPU
	EndGlobalSection
	GlobalSection(ProjectConfigurationPlatforms) = postSolution
		{C23CBA8D-585B-4C94-A5DE-08CAFB40FAA0}.Debug|Any CPU.ActiveCfg = Debug|Any CPU
		{C23CBA8D-585B-4C94-A5DE-08CAFB40FAA0}.Release|Any CPU.ActiveCfg = Release|Any CPU
	EndGlobalSection
	GlobalSection(SolutionProperties) = preSolution
		HideSolutionNode = FALSE
	EndGlobalSection
	GlobalSection(ExtensibilityGlobals) = postSolution
		SolutionGuid = {C3A1BA82-338F-4C58-8E34-3F6E888E8957}
	EndGlobalSection
EndGlobal
